{
  "name": "@theia/application-package",
  "version": "4.2.0",
  "lockfileVersion": 1,
  "requires": true,
  "dependencies": {
    "@theia/ext-scripts": {
      "version": "file:../ext-scripts",
      "dev": true
    },
    "@types/fs-extra": {
      "version": "4.0.15",
      "resolved": "https://registry.npmjs.org/@types/fs-extra/-/fs-extra-4.0.15.tgz",
      "integrity": "sha512-zU/EU2kZ1tv+p4pswQLntA7dFQq84wXrSCfmLjZvMbLjf4N46cPOWHg+WKfc27YnEOQ0chVFlBui55HRsvzHPA==",
      "requires": {
        "@types/node": "*"
      }
    },
    "@types/node": {
      "version": "22.7.5",
      "resolved": "https://registry.npmjs.org/@types/node/-/node-22.7.5.tgz",
      "integrity": "sha512-jML7s2NAzMWc//QSJ1a3prpk78cOPchGvXJsC3C6R6PSMoooztvRVQEz89gmBTBY1SPMaqo5teB4uNHPdetShQ==",
      "requires": {
        "undici-types": "~6.19.2"
      }
    },
    "@types/semver": {
      "version": "5.5.0",
      "resolved": "https://registry.npmjs.org/@types/semver/-/semver-5.5.0.tgz",
      "integrity": "sha512-41qEJgBH/TWgo5NFSvBCJ1qkoi3Q6ONSF2avrHq1LVEZfYpdHmj0y9SuTK+u9ZhG1sYQKBL1AWXKyLWP4RaUoQ=="
    },
    "@types/write-json-file": {
      "version": "2.2.1",
      "resolved": "https://registry.npmjs.org/@types/write-json-file/-/write-json-file-2.2.1.tgz",
      "integrity": "sha512-JdO/UpPm9RrtQBNVcZdt3M7j3mHO/kXaea9LBGx3UgWJd1f9BkIWP7jObLBG6ZtRyqp7KzLFEsaPhWcidVittA=="
    },
    "axios": {
      "version": "0.21.4",
      "resolved": "https://registry.npmjs.org/axios/-/axios-0.21.4.tgz",
      "integrity": "sha512-ut5vewkiu8jjGBdqpM44XxjuCjq9LAKeHVmoVfHVzy8eHgxxq8SbAVQNovDA8mVi05kP0Ea/n/UzcSHcTJQfNg==",
      "requires": {
        "follow-redirects": "^1.14.0"
      }
    },
    "back": {
      "version": "0.1.5",
      "resolved": "https://registry.npmjs.org/back/-/back-0.1.5.tgz",
      "integrity": "sha512-z4th1vCh5t8hNHOtfq0saGnPlzn9jV6xWfHPvl5Hd2tPRF9qqaGafF1Ky2Dj4S0gqMt7I93fOKRxjvJtnpxQzA=="
    },
    "changes-stream": {
      "version": "2.2.0",
      "resolved": "https://registry.npmjs.org/changes-stream/-/changes-stream-2.2.0.tgz",
      "integrity": "sha512-2/F5B+84sGXDSboLP68pRWNxBkNIyqWGQxiKJx8k61wMzjJZNYR+DtGKApxyUM4Fd+nxXf9o9X9dZEPF8iugoA==",
      "requires": {
        "back": "~0.1.5",
        "debug": "~0.8.0",
        "http-https": "~1.0.0",
        "readable-stream": "1.0.x"
      }
    },
    "core-util-is": {
      "version": "1.0.3",
      "resolved": "https://registry.npmjs.org/core-util-is/-/core-util-is-1.0.3.tgz",
      "integrity": "sha512-ZQBvi1DcpJ4GDqanjucZ2Hj3wEO5pZDS89BWbkcrvdxksJorwUDDZamX9ldFkp9aw2lmBDLgkObEA4DWNJ9FYQ=="
    },
    "debug": {
      "version": "0.8.1",
      "resolved": "https://registry.npmjs.org/debug/-/debug-0.8.1.tgz",
      "integrity": "sha512-HlXEJm99YsRjLJ8xmuz0Lq8YUwrv7hAJkTEr6/Em3sUlSUNl0UdFA+1SrY4fnykeq1FVkUEUtwRGHs9VvlYbGA=="
    },
    "detect-indent": {
      "version": "5.0.0",
      "resolved": "https://registry.npmjs.org/detect-indent/-/detect-indent-5.0.0.tgz",
      "integrity": "sha512-rlpvsxUtM0PQvy9iZe640/IWwWYyBsTApREbA1pHOpmOUIl9MkP/U4z7vTtg4Oaojvqhxt7sdufnT0EzGaR31g=="
    },
    "follow-redirects": {
      "version": "1.15.9",
      "resolved": "https://registry.npmjs.org/follow-redirects/-/follow-redirects-1.15.9.tgz",
      "integrity": "sha512-gew4GsXizNgdoRyqmyfMHyAmXsZDk6mHkSxZFCzW9gwlbtOW44CDtYavM+y+72qD/Vq2l550kMF52DT8fOLJqQ=="
    },
    "fs-extra": {
      "version": "4.0.3",
      "resolved": "https://registry.npmjs.org/fs-extra/-/fs-extra-4.0.3.tgz",
      "integrity": "sha512-q6rbdDd1o2mAnQreO7YADIxf/Whx4AHBiRf6d+/cVT8h44ss+lHgxf1FemcqDnQt9X3ct4McHr+JMGlYSsK7Cg==",
      "requires": {
        "graceful-fs": "^4.1.2",
        "jsonfile": "^4.0.0",
        "universalify": "^0.1.0"
      }
    },
    "graceful-fs": {
      "version": "4.2.11",
      "resolved": "https://registry.npmjs.org/graceful-fs/-/graceful-fs-4.2.11.tgz",
      "integrity": "sha512-RbJ5/jmFcNNCcDV5o9eTnBLJ/HszWV0P73bc+Ff4nS/rJj+YaS6IGyiOL0VoBYX+l1Wrl3k63h/KrH+nhJ0XvQ=="
    },
    "http-https": {
      "version": "1.0.0",
      "resolved": "https://registry.npmjs.org/http-https/-/http-https-1.0.0.tgz",
      "integrity": "sha512-o0PWwVCSp3O0wS6FvNr6xfBCHgt0m1tvPLFOCc2iFDKTRAXhB7m8klDf7ErowFH8POa6dVdGatKU5I1YYwzUyg=="
    },
    "imurmurhash": {
      "version": "0.1.4",
      "resolved": "https://registry.npmjs.org/imurmurhash/-/imurmurhash-0.1.4.tgz",
      "integrity": "sha512-JmXMZ6wuvDmLiHEml9ykzqO6lwFbof0GG4IkcGaENdCRDDmMVnny7s5HsIgHCbaq0w2MyPhDqkhTUgS2LU2PHA=="
    },
    "inherits": {
      "version": "2.0.4",
      "resolved": "https://registry.npmjs.org/inherits/-/inherits-2.0.4.tgz",
      "integrity": "sha512-k/vGaX4/Yla3WzyMCvTQOXYeIHvqOKtnqBduzTHpzpQZzAskKMhZ2K+EnBiSM9zGSoIFeMpXKxa4dYeZIQqewQ=="
    },
    "is-electron": {
      "version": "2.2.2",
      "resolved": "https://registry.npmjs.org/is-electron/-/is-electron-2.2.2.tgz",
      "integrity": "sha512-FO/Rhvz5tuw4MCWkpMzHFKWD2LsfHzIb7i6MdPYZ/KW7AlxawyLkqdy+jPZP1WubqEADE3O4FUENlJHDfQASRg=="
    },
    "is-plain-obj": {
      "version": "1.1.0",
      "resolved": "https://registry.npmjs.org/is-plain-obj/-/is-plain-obj-1.1.0.tgz",
      "integrity": "sha512-yvkRyxmFKEOQ4pNXCmJG5AEQNlXJS5LaONXo5/cLdTZdWvsZ1ioJEonLGAosKlMWE8lwUy/bJzMjcw8az73+Fg=="
    },
    "isarray": {
      "version": "0.0.1",
      "resolved": "https://registry.npmjs.org/isarray/-/isarray-0.0.1.tgz",
      "integrity": "sha512-D2S+3GLxWH+uhrNEcoh/fnmYeP8E8/zHl644d/jdA0g2uyXvy3sb0qxotE+ne0LtccHknQzWwZEzhak7oJ0COQ=="
    },
    "jsonfile": {
      "version": "4.0.0",
      "resolved": "https://registry.npmjs.org/jsonfile/-/jsonfile-4.0.0.tgz",
      "integrity": "sha512-m6F1R3z8jjlf2imQHS2Qez5sjKWQzbuuhuJ/FKYFRZvPE3PuHcSMVZzfsLhGVOkfd20obL5SWEBew5ShlquNxg==",
      "requires": {
        "graceful-fs": "^4.1.6"
      }
    },
    "make-dir": {
      "version": "1.3.0",
      "resolved": "https://registry.npmjs.org/make-dir/-/make-dir-1.3.0.tgz",
      "integrity": "sha512-2w31R7SJtieJJnQtGc7RVL2StM2vGYVfqUOvUDxH6bC6aJTxPxTF0GnIgCyu7tjockiUWAYQRbxa7vKn34s5sQ==",
      "requires": {
        "pify": "^3.0.0"
      }
    },
    "pify": {
      "version": "3.0.0",
      "resolved": "https://registry.npmjs.org/pify/-/pify-3.0.0.tgz",
      "integrity": "sha512-C3FsVNH1udSEX48gGX1xfvwTWfsYWj5U+8/uK15BGzIGrKoUpghX8hWZwa/OFnakBiiVNmBvemTJR5mcy7iPcg=="
    },
    "readable-stream": {
      "version": "1.0.34",
      "resolved": "https://registry.npmjs.org/readable-stream/-/readable-stream-1.0.34.tgz",
      "integrity": "sha512-ok1qVCJuRkNmvebYikljxJA/UEsKwLl2nI1OmaqAu4/UE+h0wKCHok4XkL/gvi39OacXvw59RJUOFUkDib2rHg==",
      "requires": {
        "core-util-is": "~1.0.0",
        "inherits": "~2.0.1",
        "isarray": "0.0.1",
        "string_decoder": "~0.10.x"
      }
    },
    "semver": {
      "version": "5.7.2",
      "resolved": "https://registry.npmjs.org/semver/-/semver-5.7.2.tgz",
      "integrity": "sha512-cBznnQ9KjJqU67B52RMC65CMarK2600WFnbkcaiwWq3xy/5haFJlshgnpjovMVJ+Hff49d8GEn0b87C5pDQ10g=="
    },
    "signal-exit": {
      "version": "3.0.7",
      "resolved": "https://registry.npmjs.org/signal-exit/-/signal-exit-3.0.7.tgz",
      "integrity": "sha512-wnD2ZE+l+SPC/uoS0vXeE9L1+0wuaMqKlfz9AMUo38JsyLSBWSFcHR1Rri62LZc12vLr1gb3jl7iwQhgwpAbGQ=="
    },
    "sort-keys": {
      "version": "2.0.0",
      "resolved": "https://registry.npmjs.org/sort-keys/-/sort-keys-2.0.0.tgz",
      "integrity": "sha512-/dPCrG1s3ePpWm6yBbxZq5Be1dXGLyLn9Z791chDC3NFrpkVbWGzkBwPN1knaciexFXgRJ7hzdnwZ4stHSDmjg==",
      "requires": {
        "is-plain-obj": "^1.0.0"
      }
    },
    "string_decoder": {
      "version": "0.10.31",
      "resolved": "https://registry.npmjs.org/string_decoder/-/string_decoder-0.10.31.tgz",
      "integrity": "sha512-ev2QzSzWPYmy9GuqfIVildA4OdcGLeFZQrq5ys6RtiuF+RQQiZWr8TZNyAcuVXyQRYfEO+MsoB/1BuQVhOJuoQ=="
    },
    "undici-types": {
      "version": "6.19.8",
      "resolved": "https://registry.npmjs.org/undici-types/-/undici-types-6.19.8.tgz",
      "integrity": "sha512-ve2KP6f/JnbPBFyobGHuerC9g1FYGn/F8n1LWTwNxCEzd6IfqTwUQcNXgEtmmQ6DlRrC1hrSrBnCZPokRrDHjw=="
    },
    "universalify": {
      "version": "0.1.2",
      "resolved": "https://registry.npmjs.org/universalify/-/universalify-0.1.2.tgz",
      "integrity": "sha512-rBJeI5CXAlmy1pV+617WB9J63U6XcazHHF2f2dbJix4XzpUF0RS3Zbj0FGIOCAva5P/d/GBOYaACQ1w+0azUkg=="
    },
    "write-file-atomic": {
      "version": "2.4.3",
      "resolved": "https://registry.npmjs.org/write-file-atomic/-/write-file-atomic-2.4.3.tgz",
      "integrity": "sha512-GaETH5wwsX+GcnzhPgKcKjJ6M2Cq3/iZp1WyY/X1CSqrW+jVNM9Y7D8EC2sM4ZG/V8wZlSniJnCKWPmBYAucRQ==",
      "requires": {
        "graceful-fs": "^4.1.11",
        "imurmurhash": "^0.1.4",
        "signal-exit": "^3.0.2"
      }
    },
    "write-json-file": {
      "version": "2.3.0",
      "resolved": "https://registry.npmjs.org/write-json-file/-/write-json-file-2.3.0.tgz",
      "integrity": "sha512-84+F0igFp2dPD6UpAQjOUX3CdKUOqUzn6oE9sDBNzUXINR5VceJ1rauZltqQB/bcYsx3EpKys4C7/PivKUAiWQ==",
      "requires": {
        "detect-indent": "^5.0.0",
        "graceful-fs": "^4.1.2",
        "make-dir": "^1.0.0",
        "pify": "^3.0.0",
        "sort-keys": "^2.0.0",
        "write-file-atomic": "^2.0.0"
      }
    }
  }
}
